
Microsoft Visual Studio Solution File, Format Version 11.00
# Visual Studio 2010
Project("{FAE04EC0-301F-11D3-BF4B-00C04F79EFBC}") = "CUBRID.Data.CUBRIDClient", "CUBRID.Data.CUBRIDClient.csproj", "{E2640C6C-F055-4F2B-B1EB-E4AC1C9522BC}"
EndProject
Project("{2150E333-8FDC-42A3-9474-1A3956D46DE8}") = "Solution Items", "Solution Items", "{2654782F-026C-473A-9687-1C78E5EF29FB}"
	ProjectSection(SolutionItems) = preProject
		CUBRID.Data.vsmdi = CUBRID.Data.vsmdi
		Local.testsettings = Local.testsettings
		TraceAndTestImpact.testsettings = TraceAndTestImpact.testsettings
	EndProjectSection
EndProject
Project("{FAE04EC0-301F-11D3-BF4B-00C04F79EFBC}") = "CUBRID.TestCases", "CUBRID.TestCases\CUBRID.TestCases.csproj", "{90FE2B32-E475-405D-ACDF-905222F0D5EC}"
EndProject
Project("{FAE04EC0-301F-11D3-BF4B-00C04F79EFBC}") = "Unit.TestCases", "Unit.TestCases\Unit.TestCases.csproj", "{79F0371B-8B89-4842-9015-17398D489904}"
EndProject
Global
	GlobalSection(TestCaseManagementSettings) = postSolution
		CategoryFile = CUBRID.Data.vsmdi
	EndGlobalSection
	GlobalSection(SolutionConfigurationPlatforms) = preSolution
		Debug|Any CPU = Debug|Any CPU
		Debug|Mixed Platforms = Debug|Mixed Platforms
		Debug|x86 = Debug|x86
		Release|Any CPU = Release|Any CPU
		Release|Mixed Platforms = Release|Mixed Platforms
		Release|x86 = Release|x86
	EndGlobalSection
	GlobalSection(ProjectConfigurationPlatforms) = postSolution
		{E2640C6C-F055-4F2B-B1EB-E4AC1C9522BC}.Debug|Any CPU.ActiveCfg = Debug|Any CPU
		{E2640C6C-F055-4F2B-B1EB-E4AC1C9522BC}.Debug|Any CPU.Build.0 = Debug|Any CPU
		{E2640C6C-F055-4F2B-B1EB-E4AC1C9522BC}.Debug|Mixed Platforms.ActiveCfg = Debug|Any CPU
		{E2640C6C-F055-4F2B-B1EB-E4AC1C9522BC}.Debug|Mixed Platforms.Build.0 = Debug|Any CPU
		{E2640C6C-F055-4F2B-B1EB-E4AC1C9522BC}.Debug|x86.ActiveCfg = Debug|Any CPU
		{E2640C6C-F055-4F2B-B1EB-E4AC1C9522BC}.Release|Any CPU.ActiveCfg = Release|Any CPU
		{E2640C6C-F055-4F2B-B1EB-E4AC1C9522BC}.Release|Any CPU.Build.0 = Release|Any CPU
		{E2640C6C-F055-4F2B-B1EB-E4AC1C9522BC}.Release|Mixed Platforms.ActiveCfg = Release|Any CPU
		{E2640C6C-F055-4F2B-B1EB-E4AC1C9522BC}.Release|Mixed Platforms.Build.0 = Release|Any CPU
		{E2640C6C-F055-4F2B-B1EB-E4AC1C9522BC}.Release|x86.ActiveCfg = Release|Any CPU
		{90FE2B32-E475-405D-ACDF-905222F0D5EC}.Debug|Any CPU.ActiveCfg = Debug|x86
		{90FE2B32-E475-405D-ACDF-905222F0D5EC}.Debug|Mixed Platforms.ActiveCfg = Debug|x86
		{90FE2B32-E475-405D-ACDF-905222F0D5EC}.Debug|Mixed Platforms.Build.0 = Debug|x86
		{90FE2B32-E475-405D-ACDF-905222F0D5EC}.Debug|x86.ActiveCfg = Debug|x86
		{90FE2B32-E475-405D-ACDF-905222F0D5EC}.Debug|x86.Build.0 = Debug|x86
		{90FE2B32-E475-405D-ACDF-905222F0D5EC}.Release|Any CPU.ActiveCfg = Release|x86
		{90FE2B32-E475-405D-ACDF-905222F0D5EC}.Release|Mixed Platforms.ActiveCfg = Release|x86
		{90FE2B32-E475-405D-ACDF-905222F0D5EC}.Release|Mixed Platforms.Build.0 = Release|x86
		{90FE2B32-E475-405D-ACDF-905222F0D5EC}.Release|x86.ActiveCfg = Release|x86
		{90FE2B32-E475-405D-ACDF-905222F0D5EC}.Release|x86.Build.0 = Release|x86
		{79F0371B-8B89-4842-9015-17398D489904}.Debug|Any CPU.ActiveCfg = Debug|Any CPU
		{79F0371B-8B89-4842-9015-17398D489904}.Debug|Any CPU.Build.0 = Debug|Any CPU
		{79F0371B-8B89-4842-9015-17398D489904}.Debug|Mixed Platforms.ActiveCfg = Debug|Any CPU
		{79F0371B-8B89-4842-9015-17398D489904}.Debug|Mixed Platforms.Build.0 = Debug|Any CPU
		{79F0371B-8B89-4842-9015-17398D489904}.Debug|x86.ActiveCfg = Debug|Any CPU
		{79F0371B-8B89-4842-9015-17398D489904}.Release|Any CPU.ActiveCfg = Release|Any CPU
		{79F0371B-8B89-4842-9015-17398D489904}.Release|Any CPU.Build.0 = Release|Any CPU
		{79F0371B-8B89-4842-9015-17398D489904}.Release|Mixed Platforms.ActiveCfg = Release|Any CPU
		{79F0371B-8B89-4842-9015-17398D489904}.Release|Mixed Platforms.Build.0 = Release|Any CPU
		{79F0371B-8B89-4842-9015-17398D489904}.Release|x86.ActiveCfg = Release|Any CPU
	EndGlobalSection
	GlobalSection(SolutionProperties) = preSolution
		HideSolutionNode = FALSE
	EndGlobalSection
EndGlobal
